{
  "requires": true,
  "lockfileVersion": 1,
  "dependencies": {
    "typeface-montserrat": {
      "version": "0.0.75",
      "resolved": "https://registry.npmjs.org/typeface-montserrat/-/typeface-montserrat-0.0.75.tgz",
      "integrity": "sha512-8ski20t3hdwu2T85pVfjK4jsDbwW8yWzd+LAKxYEmu+JVLVlB7G2yfmdKZz06pUwYCLVFvHvup+NYYulHDpE+w=="
    }
  }
}
